
Microsoft Visual Studio Solution File, Format Version 12.00
# Visual Studio Version 17
VisualStudioVersion = 17.5.002.0
MinimumVisualStudioVersion = 10.0.40219.1
Project("{9A19103F-16F7-4668-BE54-9A1E7A4F7556}") = "Library", "Library\Library.csproj", "{CE3B50A2-C523-407D-8E19-6B1A2439EF9B}"
EndProject
Project("{9A19103F-16F7-4668-BE54-9A1E7A4F7556}") = "Main", "Main\Main.csproj", "{8E10A539-4333-431A-B28D-4EF23E3000A4}"
EndProject
Project("{9A19103F-16F7-4668-BE54-9A1E7A4F7556}") = "Tests", "Tests\Tests.csproj", "{C7B71E60-FA70-49DB-A4AA-9483CA602710}"
EndProject
Global
	GlobalSection(SolutionConfigurationPlatforms) = preSolution
		Debug|Any CPU = Debug|Any CPU
		Release|Any CPU = Release|Any CPU
	EndGlobalSection
	GlobalSection(ProjectConfigurationPlatforms) = postSolution
		{CE3B50A2-C523-407D-8E19-6B1A2439EF9B}.Debug|Any CPU.ActiveCfg = Debug|Any CPU
		{CE3B50A2-C523-407D-8E19-6B1A2439EF9B}.Debug|Any CPU.Build.0 = Debug|Any CPU
		{CE3B50A2-C523-407D-8E19-6B1A2439EF9B}.Release|Any CPU.ActiveCfg = Release|Any CPU
		{CE3B50A2-C523-407D-8E19-6B1A2439EF9B}.Release|Any CPU.Build.0 = Release|Any CPU
		{8E10A539-4333-431A-B28D-4EF23E3000A4}.Debug|Any CPU.ActiveCfg = Debug|Any CPU
		{8E10A539-4333-431A-B28D-4EF23E3000A4}.Debug|Any CPU.Build.0 = Debug|Any CPU
		{8E10A539-4333-431A-B28D-4EF23E3000A4}.Release|Any CPU.ActiveCfg = Release|Any CPU
		{8E10A539-4333-431A-B28D-4EF23E3000A4}.Release|Any CPU.Build.0 = Release|Any CPU
		{C7B71E60-FA70-49DB-A4AA-9483CA602710}.Debug|Any CPU.ActiveCfg = Debug|Any CPU
		{C7B71E60-FA70-49DB-A4AA-9483CA602710}.Debug|Any CPU.Build.0 = Debug|Any CPU
		{C7B71E60-FA70-49DB-A4AA-9483CA602710}.Release|Any CPU.ActiveCfg = Release|Any CPU
		{C7B71E60-FA70-49DB-A4AA-9483CA602710}.Release|Any CPU.Build.0 = Release|Any CPU
	EndGlobalSection
	GlobalSection(SolutionProperties) = preSolution
		HideSolutionNode = FALSE
	EndGlobalSection
	GlobalSection(ExtensibilityGlobals) = postSolution
		SolutionGuid = {458AEDBD-7BAE-4991-BDD8-39E5F9ECC821}
	EndGlobalSection
EndGlobal
